
Microsoft Visual Studio Solution File, Format Version 12.00
# Visual Studio Version 16
VisualStudioVersion = 16.0.32002.261
MinimumVisualStudioVersion = 10.0.40219.1
Project("{FAE04EC0-301F-11D3-BF4B-00C04F79EFBC}") = "ComparisionOfAngles", "ComparisionOfAngles\ComparisionOfAngles.csproj", "{FC9E3917-104A-4EEC-AFBD-B060B269EDF1}"
EndProject
Global
	GlobalSection(SolutionConfigurationPlatforms) = preSolution
		Debug|Any CPU = Debug|Any CPU
		Release|Any CPU = Release|Any CPU
	EndGlobalSection
	GlobalSection(ProjectConfigurationPlatforms) = postSolution
		{FC9E3917-104A-4EEC-AFBD-B060B269EDF1}.Debug|Any CPU.ActiveCfg = Debug|Any CPU
		{FC9E3917-104A-4EEC-AFBD-B060B269EDF1}.Debug|Any CPU.Build.0 = Debug|Any CPU
		{FC9E3917-104A-4EEC-AFBD-B060B269EDF1}.Release|Any CPU.ActiveCfg = Release|Any CPU
		{FC9E3917-104A-4EEC-AFBD-B060B269EDF1}.Release|Any CPU.Build.0 = Release|Any CPU
	EndGlobalSection
	GlobalSection(SolutionProperties) = preSolution
		HideSolutionNode = FALSE
	EndGlobalSection
	GlobalSection(ExtensibilityGlobals) = postSolution
		SolutionGuid = {7EF7D5C6-B79E-4B0A-B08E-B3355DD24F13}
	EndGlobalSection
EndGlobal
